
Microsoft Visual Studio Solution File, Format Version 12.00
# Visual Studio Version 17
VisualStudioVersion = 17.7.34018.315
MinimumVisualStudioVersion = 10.0.40219.1
Project("{FAE04EC0-301F-11D3-BF4B-00C04F79EFBC}") = "ConsoleApp_clasesYMetodosStaticos", "ConsoleApp_clasesYMetodosStaticos.csproj", "{C0D3100A-686B-4EED-9370-4826B08C4FA3}"
EndProject
Global
	GlobalSection(SolutionConfigurationPlatforms) = preSolution
		Debug|Any CPU = Debug|Any CPU
		Release|Any CPU = Release|Any CPU
	EndGlobalSection
	GlobalSection(ProjectConfigurationPlatforms) = postSolution
		{C0D3100A-686B-4EED-9370-4826B08C4FA3}.Debug|Any CPU.ActiveCfg = Debug|Any CPU
		{C0D3100A-686B-4EED-9370-4826B08C4FA3}.Debug|Any CPU.Build.0 = Debug|Any CPU
		{C0D3100A-686B-4EED-9370-4826B08C4FA3}.Release|Any CPU.ActiveCfg = Release|Any CPU
		{C0D3100A-686B-4EED-9370-4826B08C4FA3}.Release|Any CPU.Build.0 = Release|Any CPU
	EndGlobalSection
	GlobalSection(SolutionProperties) = preSolution
		HideSolutionNode = FALSE
	EndGlobalSection
	GlobalSection(ExtensibilityGlobals) = postSolution
		SolutionGuid = {81659ED0-3808-4698-B54E-756DDB208474}
	EndGlobalSection
EndGlobal
